{
    "_readme": [
        "This file locks the dependencies of your project to a known state",
        "Read more about it at https://getcomposer.org/doc/01-basic-usage.md#installing-dependencies",
        "This file is @generated automatically"
    ],
    "content-hash": "4f0fce9946ed2e8cac9bac0e1b8c295d",
    "packages": [
        {
            "name": "elastic/ecs-logging",
            "version": "1.0.3",
            "source": {
                "type": "git",
                "url": "https://github.com/elastic/ecs-logging-php.git",
                "reference": "2e26c08f4c1e852fdbb87758712ab633bbe7cd68"
            },
            "dist": {
                "type": "zip",
                "url": "https://api.github.com/repos/elastic/ecs-logging-php/zipball/2e26c08f4c1e852fdbb87758712ab633bbe7cd68",
                "reference": "2e26c08f4c1e852fdbb87758712ab633bbe7cd68",
                "shasum": ""
            },
            "require": {
                "ext-json": "*",
                "php": "^7.2||^8.0",
                "psr/log": "^1.0.1"
            },
            "provide": {
                "psr/log-implementation": "1.0.0"
            },
            "require-dev": {
                "brianium/paratest": "^3.1",
                "monolog/monolog": "^2.0",
                "php-parallel-lint/php-parallel-lint": "^1.3.0",
                "squizlabs/php_codesniffer": "3.*"
            },
            "type": "library",
            "autoload": {
                "psr-4": {
                    "Elastic\\": "src/Elastic"
                }
            },
            "notification-url": "https://packagist.org/downloads/",
            "license": [
                "Apache-2.0"
            ],
            "authors": [
                {
                    "name": "Philip Krauss",
                    "email": "philip.krauss@elastic.co",
                    "homepage": "https://github.com/philkra"
                },
                {
                    "name": "Sergey Kleyman",
                    "homepage": "https://github.com/SergeyKleyman"
                }
            ],
            "description": "Format and enrich your log files in the elastic common schema",
            "homepage": "https://www.elastic.co/guide/en/ecs/",
            "keywords": [
                "ECS",
                "elastic",
                "filebeat",
                "log",
                "logging",
                "psr-3"
            ],
            "support": {
                "issues": "https://github.com/elastic/ecs-logging-php/issues",
                "source": "https://github.com/elastic/ecs-logging-php/tree/1.0.3"
            },
            "time": "2021-04-29T17:57:26+00:00"
        },
        {
            "name": "psr/log",
            "version": "1.1.4",
            "source": {
                "type": "git",
                "url": "https://github.com/php-fig/log.git",
                "reference": "d49695b909c3b7628b6289db5479a1c204601f11"
            },
            "dist": {
                "type": "zip",
                "url": "https://api.github.com/repos/php-fig/log/zipball/d49695b909c3b7628b6289db5479a1c204601f11",
                "reference": "d49695b909c3b7628b6289db5479a1c204601f11",
                "shasum": ""
            },
            "require": {
                "php": ">=5.3.0"
            },
            "type": "library",
            "extra": {
                "branch-alias": {
                    "dev-master": "1.1.x-dev"
                }
            },
            "autoload": {
                "psr-4": {
                    "Psr\\Log\\": "Psr/Log/"
                }
            },
            "notification-url": "https://packagist.org/downloads/",
            "license": [
                "MIT"
            ],
            "authors": [
                {
                    "name": "PHP-FIG",
                    "homepage": "https://www.php-fig.org/"
                }
            ],
            "description": "Common interface for logging libraries",
            "homepage": "https://github.com/php-fig/log",
            "keywords": [
                "log",
                "psr",
                "psr-3"
            ],
            "support": {
                "source": "https://github.com/php-fig/log/tree/1.1.4"
            },
            "time": "2021-05-03T11:20:27+00:00"
        }
    ],
    "packages-dev": [],
    "aliases": [],
    "minimum-stability": "dev",
    "stability-flags": [],
    "prefer-stable": false,
    "prefer-lowest": false,
    "platform": [],
    "platform-dev": [],
    "plugin-api-version": "2.6.0"
}
