{
    "_readme": [
        "This file locks the dependencies of your project to a known state",
        "Read more about it at https://getcomposer.org/doc/01-basic-usage.md#installing-dependencies",
        "This file is @generated automatically"
    ],
    "content-hash": "a946438401db48c4d846e8fe801b8bc1",
    "packages": [
        {
            "name": "elastic/ecs-logging",
            "version": "2.0.0",
            "source": {
                "type": "git",
                "url": "git@github.com:elastic/ecs-logging-php.git",
                "reference": "c748e55ae80d676f283551efb9b65d2b4b1881b6"
            },
            "dist": {
                "type": "zip",
                "url": "https://api.github.com/repos/elastic/ecs-logging-php/zipball/c748e55ae80d676f283551efb9b65d2b4b1881b6",
                "reference": "c748e55ae80d676f283551efb9b65d2b4b1881b6",
                "shasum": ""
            },
            "require": {
                "ext-json": "*",
                "php": ">=8.1",
                "psr/log": "^1|^2|3"
            },
            "provide": {
                "psr/log-implementation": "1.0.0"
            },
            "require-dev": {
                "monolog/monolog": "^3.0",
                "php-parallel-lint/php-parallel-lint": "^1.3.2",
                "phpunit/phpunit": "^8.5||^9.5||^10",
                "squizlabs/php_codesniffer": "3.*"
            },
            "type": "library",
            "autoload": {
                "psr-4": {
                    "Elastic\\": "src/Elastic"
                }
            },
            "notification-url": "https://packagist.org/downloads/",
            "license": [
                "Apache-2.0"
            ],
            "authors": [
                {
                    "name": "Philip Krauss",
                    "email": "philip.krauss@elastic.co",
                    "homepage": "https://github.com/philkra"
                },
                {
                    "name": "Sergey Kleyman",
                    "homepage": "https://github.com/SergeyKleyman"
                },
                {
                    "name": "Pawel Filipczak",
                    "homepage": "https://github.com/intuibase"
                }
            ],
            "description": "Format and enrich your log files in the elastic common schema",
            "homepage": "https://www.elastic.co/guide/en/ecs/",
            "keywords": [
                "ECS",
                "elastic",
                "filebeat",
                "log",
                "logging",
                "psr-3"
            ],
            "time": "2024-01-31T08:27:33+00:00"
        },
        {
            "name": "psr/log",
            "version": "3.0.0",
            "source": {
                "type": "git",
                "url": "https://github.com/php-fig/log.git",
                "reference": "fe5ea303b0887d5caefd3d431c3e61ad47037001"
            },
            "dist": {
                "type": "zip",
                "url": "https://api.github.com/repos/php-fig/log/zipball/fe5ea303b0887d5caefd3d431c3e61ad47037001",
                "reference": "fe5ea303b0887d5caefd3d431c3e61ad47037001",
                "shasum": ""
            },
            "require": {
                "php": ">=8.0.0"
            },
            "type": "library",
            "extra": {
                "branch-alias": {
                    "dev-master": "3.x-dev"
                }
            },
            "autoload": {
                "psr-4": {
                    "Psr\\Log\\": "src"
                }
            },
            "notification-url": "https://packagist.org/downloads/",
            "license": [
                "MIT"
            ],
            "authors": [
                {
                    "name": "PHP-FIG",
                    "homepage": "https://www.php-fig.org/"
                }
            ],
            "description": "Common interface for logging libraries",
            "homepage": "https://github.com/php-fig/log",
            "keywords": [
                "log",
                "psr",
                "psr-3"
            ],
            "support": {
                "source": "https://github.com/php-fig/log/tree/3.0.0"
            },
            "time": "2021-07-14T16:46:02+00:00"
        }
    ],
    "packages-dev": [],
    "aliases": [],
    "minimum-stability": "dev",
    "stability-flags": [],
    "prefer-stable": false,
    "prefer-lowest": false,
    "platform": {
        "php": ">=7.4"
    },
    "platform-dev": [],
    "plugin-api-version": "2.6.0"
}
